
Microsoft Visual Studio Solution File, Format Version 12.00
# Visual Studio Version 17
VisualStudioVersion = 17.11.35219.272
MinimumVisualStudioVersion = 10.0.40219.1
Project("{FAE04EC0-301F-11D3-BF4B-00C04F79EFBC}") = "CalculadoraWindows", "CalculadoraWindows\CalculadoraWindows.csproj", "{FEF01CC4-EF53-4AFB-8819-37A6BA52D1C0}"
EndProject
Global
	GlobalSection(SolutionConfigurationPlatforms) = preSolution
		Debug|Any CPU = Debug|Any CPU
		Release|Any CPU = Release|Any CPU
	EndGlobalSection
	GlobalSection(ProjectConfigurationPlatforms) = postSolution
		{FEF01CC4-EF53-4AFB-8819-37A6BA52D1C0}.Debug|Any CPU.ActiveCfg = Debug|Any CPU
		{FEF01CC4-EF53-4AFB-8819-37A6BA52D1C0}.Debug|Any CPU.Build.0 = Debug|Any CPU
		{FEF01CC4-EF53-4AFB-8819-37A6BA52D1C0}.Release|Any CPU.ActiveCfg = Release|Any CPU
		{FEF01CC4-EF53-4AFB-8819-37A6BA52D1C0}.Release|Any CPU.Build.0 = Release|Any CPU
	EndGlobalSection
	GlobalSection(SolutionProperties) = preSolution
		HideSolutionNode = FALSE
	EndGlobalSection
	GlobalSection(ExtensibilityGlobals) = postSolution
		SolutionGuid = {6BF8CDA8-EA0F-4B6E-AFA7-45358A2FEA7D}
	EndGlobalSection
EndGlobal
